{
  "version": 4,
  "terraform_version": "1.8.5",
  "serial": 8,
  "lineage": "60c3d97d-7d6a-48cd-7b28-b9351aca8aba",
  "outputs": {},
  "resources": [
    {
      "mode": "managed",
      "type": "docker_image",
      "name": "nginx",
      "provider": "provider[\"registry.terraform.io/kreuzwerker/docker\"]",
      "instances": [
        {
          "schema_version": 0,
          "attributes": {
            "build": [],
            "force_remove": null,
            "id": "sha256:11ceee7cdc57225711b8382e1965974bbb259de14a9f5f7d6b9f161ced50a10anginx",
            "image_id": "sha256:11ceee7cdc57225711b8382e1965974bbb259de14a9f5f7d6b9f161ced50a10a",
            "keep_locally": false,
            "name": "nginx",
            "platform": null,
            "pull_triggers": null,
            "repo_digest": "nginx@sha256:56b388b0d79c738f4cf51bbaf184a14fab19337f4819ceb2cae7d94100262de8",
            "triggers": null
          },
          "sensitive_attributes": [],
          "private": "bnVsbA=="
        }
      ]
    }
  ],
  "check_results": null
}
